# THIS IS AN AUTOGENERATED FILE. DO NOT EDIT THIS FILE DIRECTLY.
# yarn lockfile v1


"star-rating.js@^3.1.5":
  "integrity" "sha512-bUJQIU8Lkr0KoILNtTl9MXctUQcpUzM9ZScVovFiltOXeIK57R81CbfjCMp1rXA2KvXlruf10NzQgNRcgbwrTA=="
  "resolved" "https://registry.npmjs.org/star-rating.js/-/star-rating.js-3.1.5.tgz"
  "version" "3.1.5"
